
Microsoft Visual Studio Solution File, Format Version 12.00
# Visual Studio 15
VisualStudioVersion = 15.0.27703.2000
MinimumVisualStudioVersion = 10.0.40219.1
Project("{FAE04EC0-301F-11D3-BF4B-00C04F79EFBC}") = "MyThreeProject", "MyThreeProject\MyThreeProject.csproj", "{7F0BC055-2A11-48B2-AF02-9EFFFB426660}"
EndProject
Global
	GlobalSection(SolutionConfigurationPlatforms) = preSolution
		Debug|Any CPU = Debug|Any CPU
		Release|Any CPU = Release|Any CPU
	EndGlobalSection
	GlobalSection(ProjectConfigurationPlatforms) = postSolution
		{7F0BC055-2A11-48B2-AF02-9EFFFB426660}.Debug|Any CPU.ActiveCfg = Debug|Any CPU
		{7F0BC055-2A11-48B2-AF02-9EFFFB426660}.Debug|Any CPU.Build.0 = Debug|Any CPU
		{7F0BC055-2A11-48B2-AF02-9EFFFB426660}.Release|Any CPU.ActiveCfg = Release|Any CPU
		{7F0BC055-2A11-48B2-AF02-9EFFFB426660}.Release|Any CPU.Build.0 = Release|Any CPU
	EndGlobalSection
	GlobalSection(SolutionProperties) = preSolution
		HideSolutionNode = FALSE
	EndGlobalSection
	GlobalSection(ExtensibilityGlobals) = postSolution
		SolutionGuid = {E4336522-D16A-4EA9-8B00-956EA1025D7C}
	EndGlobalSection
EndGlobal
